// !$*UTF8*$!
{
	archiveVersion = 1;
	classes = {
	};
	objectVersion = 77;
	objects = {

/* Begin PBXBuildFile section */
		613B26F62D94A3730085840D /* SplashScreen.swift in Sources */ = {isa = PBXBuildFile; fileRef = 613B26F52D94A3730085840D /* SplashScreen.swift */; };
		6168F5812D949D50006A3848 /* Preview Assets.xcassets in Resources */ = {isa = PBXBuildFile; fileRef = 6168F57B2D949D50006A3848 /* Preview Assets.xcassets */; };
		6168F5822D949D50006A3848 /* Assets.xcassets in Resources */ = {isa = PBXBuildFile; fileRef = 6168F57D2D949D50006A3848 /* Assets.xcassets */; };
		6168F5832D949D50006A3848 /* ContentView.swift in Sources */ = {isa = PBXBuildFile; fileRef = 6168F57E2D949D50006A3848 /* ContentView.swift */; };
		6168F5842D949D50006A3848 /* NetflixUIApp.swift in Sources */ = {isa = PBXBuildFile; fileRef = 6168F57F2D949D50006A3848 /* NetflixUIApp.swift */; };
		6168F58C2D94A0BE006A3848 /* Logo.json in Resources */ = {isa = PBXBuildFile; fileRef = 6168F58B2D94A0BE006A3848 /* Logo.json */; };
		6168F58F2D94A0E9006A3848 /* Lottie in Frameworks */ = {isa = PBXBuildFile; productRef = 6168F58E2D94A0E9006A3848 /* Lottie */; };
		61CEB0F72D94ACE400E670C2 /* AppData.swift in Sources */ = {isa = PBXBuildFile; fileRef = 61CEB0F62D94ACE400E670C2 /* AppData.swift */; };
		61CEB0F92D94B55D00E670C2 /* MainView.swift in Sources */ = {isa = PBXBuildFile; fileRef = 61CEB0F82D94B55D00E670C2 /* MainView.swift */; };
		61CEB0FB2D94B5AA00E670C2 /* CustomTabBar.swift in Sources */ = {isa = PBXBuildFile; fileRef = 61CEB0FA2D94B5AA00E670C2 /* CustomTabBar.swift */; };
		61CEB0FD2D94B60200E670C2 /* Tab.swift in Sources */ = {isa = PBXBuildFile; fileRef = 61CEB0FC2D94B60200E670C2 /* Tab.swift */; };
/* End PBXBuildFile section */

/* Begin PBXFileReference section */
		613B26F52D94A3730085840D /* SplashScreen.swift */ = {isa = PBXFileReference; lastKnownFileType = sourcecode.swift; path = SplashScreen.swift; sourceTree = "<group>"; };
		61496AE72D94591500C13949 /* NetflixUI.app */ = {isa = PBXFileReference; explicitFileType = wrapper.application; includeInIndex = 0; path = NetflixUI.app; sourceTree = BUILT_PRODUCTS_DIR; };
		6168F57B2D949D50006A3848 /* Preview Assets.xcassets */ = {isa = PBXFileReference; lastKnownFileType = folder.assetcatalog; path = "Preview Assets.xcassets"; sourceTree = "<group>"; };
		6168F57D2D949D50006A3848 /* Assets.xcassets */ = {isa = PBXFileReference; lastKnownFileType = folder.assetcatalog; path = Assets.xcassets; sourceTree = "<group>"; };
		6168F57E2D949D50006A3848 /* ContentView.swift */ = {isa = PBXFileReference; lastKnownFileType = sourcecode.swift; path = ContentView.swift; sourceTree = "<group>"; };
		6168F57F2D949D50006A3848 /* NetflixUIApp.swift */ = {isa = PBXFileReference; lastKnownFileType = sourcecode.swift; path = NetflixUIApp.swift; sourceTree = "<group>"; };
		6168F58B2D94A0BE006A3848 /* Logo.json */ = {isa = PBXFileReference; lastKnownFileType = text.json; path = Logo.json; sourceTree = "<group>"; };
		61CEB0F62D94ACE400E670C2 /* AppData.swift */ = {isa = PBXFileReference; lastKnownFileType = sourcecode.swift; path = AppData.swift; sourceTree = "<group>"; };
		61CEB0F82D94B55D00E670C2 /* MainView.swift */ = {isa = PBXFileReference; lastKnownFileType = sourcecode.swift; path = MainView.swift; sourceTree = "<group>"; };
		61CEB0FA2D94B5AA00E670C2 /* CustomTabBar.swift */ = {isa = PBXFileReference; lastKnownFileType = sourcecode.swift; path = CustomTabBar.swift; sourceTree = "<group>"; };
		61CEB0FC2D94B60200E670C2 /* Tab.swift */ = {isa = PBXFileReference; lastKnownFileType = sourcecode.swift; path = Tab.swift; sourceTree = "<group>"; };
/* End PBXFileReference section */

/* Begin PBXFrameworksBuildPhase section */
		61496AE42D94591500C13949 /* Frameworks */ = {
			isa = PBXFrameworksBuildPhase;
			buildActionMask = 2147483647;
			files = (
				6168F58F2D94A0E9006A3848 /* Lottie in Frameworks */,
			);
			runOnlyForDeploymentPostprocessing = 0;
		};
/* End PBXFrameworksBuildPhase section */

/* Begin PBXGroup section */
		61496ADE2D94591500C13949 = {
			isa = PBXGroup;
			children = (
				6168F5802D949D50006A3848 /* NetflixUI */,
				61496AE82D94591500C13949 /* Products */,
			);
			sourceTree = "<group>";
		};
		61496AE82D94591500C13949 /* Products */ = {
			isa = PBXGroup;
			children = (
				61496AE72D94591500C13949 /* NetflixUI.app */,
			);
			name = Products;
			sourceTree = "<group>";
		};
		6168F57C2D949D50006A3848 /* Preview Content */ = {
			isa = PBXGroup;
			children = (
				6168F57B2D949D50006A3848 /* Preview Assets.xcassets */,
			);
			path = "Preview Content";
			sourceTree = "<group>";
		};
		6168F5802D949D50006A3848 /* NetflixUI */ = {
			isa = PBXGroup;
			children = (
				6168F5852D949D5D006A3848 /* Other Files */,
				6168F58A2D949FC1006A3848 /* Models */,
				61CEB0F52D94ACAC00E670C2 /* ViewModelss */,
				6168F5882D949E32006A3848 /* Views */,
				6168F57E2D949D50006A3848 /* ContentView.swift */,
				6168F57F2D949D50006A3848 /* NetflixUIApp.swift */,
				6168F57D2D949D50006A3848 /* Assets.xcassets */,
				6168F57C2D949D50006A3848 /* Preview Content */,
			);
			path = NetflixUI;
			sourceTree = "<group>";
		};
		6168F5852D949D5D006A3848 /* Other Files */ = {
			isa = PBXGroup;
			children = (
				6168F58B2D94A0BE006A3848 /* Logo.json */,
			);
			path = "Other Files";
			sourceTree = "<group>";
		};
		6168F5882D949E32006A3848 /* Views */ = {
			isa = PBXGroup;
			children = (
				613B26F52D94A3730085840D /* SplashScreen.swift */,
				61CEB0F82D94B55D00E670C2 /* MainView.swift */,
				61CEB0FA2D94B5AA00E670C2 /* CustomTabBar.swift */,
			);
			path = Views;
			sourceTree = "<group>";
		};
		6168F58A2D949FC1006A3848 /* Models */ = {
			isa = PBXGroup;
			children = (
				61CEB0FC2D94B60200E670C2 /* Tab.swift */,
			);
			path = Models;
			sourceTree = "<group>";
		};
		61CEB0F52D94ACAC00E670C2 /* ViewModelss */ = {
			isa = PBXGroup;
			children = (
				61CEB0F62D94ACE400E670C2 /* AppData.swift */,
			);
			path = ViewModelss;
			sourceTree = "<group>";
		};
/* End PBXGroup section */

/* Begin PBXNativeTarget section */
		61496AE62D94591500C13949 /* NetflixUI */ = {
			isa = PBXNativeTarget;
			buildConfigurationList = 61496AF52D94591700C13949 /* Build configuration list for PBXNativeTarget "NetflixUI" */;
			buildPhases = (
				61496AE32D94591500C13949 /* Sources */,
				61496AE42D94591500C13949 /* Frameworks */,
				61496AE52D94591500C13949 /* Resources */,
			);
			buildRules = (
			);
			dependencies = (
			);
			name = NetflixUI;
			packageProductDependencies = (
				6168F58E2D94A0E9006A3848 /* Lottie */,
			);
			productName = NetflixUI;
			productReference = 61496AE72D94591500C13949 /* NetflixUI.app */;
			productType = "com.apple.product-type.application";
		};
/* End PBXNativeTarget section */

/* Begin PBXProject section */
		61496ADF2D94591500C13949 /* Project object */ = {
			isa = PBXProject;
			attributes = {
				BuildIndependentTargetsInParallel = 1;
				LastSwiftUpdateCheck = 1620;
				LastUpgradeCheck = 1620;
				TargetAttributes = {
					61496AE62D94591500C13949 = {
						CreatedOnToolsVersion = 16.2;
					};
				};
			};
			buildConfigurationList = 61496AE22D94591500C13949 /* Build configuration list for PBXProject "NetflixUI" */;
			developmentRegion = en;
			hasScannedForEncodings = 0;
			knownRegions = (
				en,
				Base,
			);
			mainGroup = 61496ADE2D94591500C13949;
			minimizedProjectReferenceProxies = 1;
			packageReferences = (
				6168F58D2D94A0E9006A3848 /* XCRemoteSwiftPackageReference "lottie-ios" */,
			);
			preferredProjectObjectVersion = 77;
			productRefGroup = 61496AE82D94591500C13949 /* Products */;
			projectDirPath = "";
			projectRoot = "";
			targets = (
				61496AE62D94591500C13949 /* NetflixUI */,
			);
		};
/* End PBXProject section */

/* Begin PBXResourcesBuildPhase section */
		61496AE52D94591500C13949 /* Resources */ = {
			isa = PBXResourcesBuildPhase;
			buildActionMask = 2147483647;
			files = (
				6168F5812D949D50006A3848 /* Preview Assets.xcassets in Resources */,
				6168F5822D949D50006A3848 /* Assets.xcassets in Resources */,
				6168F58C2D94A0BE006A3848 /* Logo.json in Resources */,
			);
			runOnlyForDeploymentPostprocessing = 0;
		};
/* End PBXResourcesBuildPhase section */

/* Begin PBXSourcesBuildPhase section */
		61496AE32D94591500C13949 /* Sources */ = {
			isa = PBXSourcesBuildPhase;
			buildActionMask = 2147483647;
			files = (
				613B26F62D94A3730085840D /* SplashScreen.swift in Sources */,
				6168F5832D949D50006A3848 /* ContentView.swift in Sources */,
				6168F5842D949D50006A3848 /* NetflixUIApp.swift in Sources */,
				61CEB0F92D94B55D00E670C2 /* MainView.swift in Sources */,
				61CEB0FB2D94B5AA00E670C2 /* CustomTabBar.swift in Sources */,
				61CEB0F72D94ACE400E670C2 /* AppData.swift in Sources */,
				61CEB0FD2D94B60200E670C2 /* Tab.swift in Sources */,
			);
			runOnlyForDeploymentPostprocessing = 0;
		};
/* End PBXSourcesBuildPhase section */

/* Begin XCBuildConfiguration section */
		61496AF32D94591700C13949 /* Debug */ = {
			isa = XCBuildConfiguration;
			buildSettings = {
				ALWAYS_SEARCH_USER_PATHS = NO;
				ASSETCATALOG_COMPILER_GENERATE_SWIFT_ASSET_SYMBOL_EXTENSIONS = YES;
				CLANG_ANALYZER_NONNULL = YES;
				CLANG_ANALYZER_NUMBER_OBJECT_CONVERSION = YES_AGGRESSIVE;
				CLANG_CXX_LANGUAGE_STANDARD = "gnu++20";
				CLANG_ENABLE_MODULES = YES;
				CLANG_ENABLE_OBJC_ARC = YES;
				CLANG_ENABLE_OBJC_WEAK = YES;
				CLANG_WARN_BLOCK_CAPTURE_AUTORELEASING = YES;
				CLANG_WARN_BOOL_CONVERSION = YES;
				CLANG_WARN_COMMA = YES;
				CLANG_WARN_CONSTANT_CONVERSION = YES;
				CLANG_WARN_DEPRECATED_OBJC_IMPLEMENTATIONS = YES;
				CLANG_WARN_DIRECT_OBJC_ISA_USAGE = YES_ERROR;
				CLANG_WARN_DOCUMENTATION_COMMENTS = YES;
				CLANG_WARN_EMPTY_BODY = YES;
				CLANG_WARN_ENUM_CONVERSION = YES;
				CLANG_WARN_INFINITE_RECURSION = YES;
				CLANG_WARN_INT_CONVERSION = YES;
				CLANG_WARN_NON_LITERAL_NULL_CONVERSION = YES;
				CLANG_WARN_OBJC_IMPLICIT_RETAIN_SELF = YES;
				CLANG_WARN_OBJC_LITERAL_CONVERSION = YES;
				CLANG_WARN_OBJC_ROOT_CLASS = YES_ERROR;
				CLANG_WARN_QUOTED_INCLUDE_IN_FRAMEWORK_HEADER = YES;
				CLANG_WARN_RANGE_LOOP_ANALYSIS = YES;
				CLANG_WARN_STRICT_PROTOTYPES = YES;
				CLANG_WARN_SUSPICIOUS_MOVE = YES;
				CLANG_WARN_UNGUARDED_AVAILABILITY = YES_AGGRESSIVE;
				CLANG_WARN_UNREACHABLE_CODE = YES;
				CLANG_WARN__DUPLICATE_METHOD_MATCH = YES;
				COPY_PHASE_STRIP = NO;
				DEBUG_INFORMATION_FORMAT = dwarf;
				ENABLE_STRICT_OBJC_MSGSEND = YES;
				ENABLE_TESTABILITY = YES;
				ENABLE_USER_SCRIPT_SANDBOXING = YES;
				GCC_C_LANGUAGE_STANDARD = gnu17;
				GCC_DYNAMIC_NO_PIC = NO;
				GCC_NO_COMMON_BLOCKS = YES;
				GCC_OPTIMIZATION_LEVEL = 0;
				GCC_PREPROCESSOR_DEFINITIONS = (
					"DEBUG=1",
					"$(inherited)",
				);
				GCC_WARN_64_TO_32_BIT_CONVERSION = YES;
				GCC_WARN_ABOUT_RETURN_TYPE = YES_ERROR;
				GCC_WARN_UNDECLARED_SELECTOR = YES;
				GCC_WARN_UNINITIALIZED_AUTOS = YES_AGGRESSIVE;
				GCC_WARN_UNUSED_FUNCTION = YES;
				GCC_WARN_UNUSED_VARIABLE = YES;
				IPHONEOS_DEPLOYMENT_TARGET = 18.2;
				LOCALIZATION_PREFERS_STRING_CATALOGS = YES;
				MTL_ENABLE_DEBUG_INFO = INCLUDE_SOURCE;
				MTL_FAST_MATH = YES;
				ONLY_ACTIVE_ARCH = YES;
				SDKROOT = iphoneos;
				SWIFT_ACTIVE_COMPILATION_CONDITIONS = "DEBUG $(inherited)";
				SWIFT_OPTIMIZATION_LEVEL = "-Onone";
			};
			name = Debug;
		};
		61496AF42D94591700C13949 /* Release */ = {
			isa = XCBuildConfiguration;
			buildSettings = {
				ALWAYS_SEARCH_USER_PATHS = NO;
				ASSETCATALOG_COMPILER_GENERATE_SWIFT_ASSET_SYMBOL_EXTENSIONS = YES;
				CLANG_ANALYZER_NONNULL = YES;
				CLANG_ANALYZER_NUMBER_OBJECT_CONVERSION = YES_AGGRESSIVE;
				CLANG_CXX_LANGUAGE_STANDARD = "gnu++20";
				CLANG_ENABLE_MODULES = YES;
				CLANG_ENABLE_OBJC_ARC = YES;
				CLANG_ENABLE_OBJC_WEAK = YES;
				CLANG_WARN_BLOCK_CAPTURE_AUTORELEASING = YES;
				CLANG_WARN_BOOL_CONVERSION = YES;
				CLANG_WARN_COMMA = YES;
				CLANG_WARN_CONSTANT_CONVERSION = YES;
				CLANG_WARN_DEPRECATED_OBJC_IMPLEMENTATIONS = YES;
				CLANG_WARN_DIRECT_OBJC_ISA_USAGE = YES_ERROR;
				CLANG_WARN_DOCUMENTATION_COMMENTS = YES;
				CLANG_WARN_EMPTY_BODY = YES;
				CLANG_WARN_ENUM_CONVERSION = YES;
				CLANG_WARN_INFINITE_RECURSION = YES;
				CLANG_WARN_INT_CONVERSION = YES;
				CLANG_WARN_NON_LITERAL_NULL_CONVERSION = YES;
				CLANG_WARN_OBJC_IMPLICIT_RETAIN_SELF = YES;
				CLANG_WARN_OBJC_LITERAL_CONVERSION = YES;
				CLANG_WARN_OBJC_ROOT_CLASS = YES_ERROR;
				CLANG_WARN_QUOTED_INCLUDE_IN_FRAMEWORK_HEADER = YES;
				CLANG_WARN_RANGE_LOOP_ANALYSIS = YES;
				CLANG_WARN_STRICT_PROTOTYPES = YES;
				CLANG_WARN_SUSPICIOUS_MOVE = YES;
				CLANG_WARN_UNGUARDED_AVAILABILITY = YES_AGGRESSIVE;
				CLANG_WARN_UNREACHABLE_CODE = YES;
				CLANG_WARN__DUPLICATE_METHOD_MATCH = YES;
				COPY_PHASE_STRIP = NO;
				DEBUG_INFORMATION_FORMAT = "dwarf-with-dsym";
				ENABLE_NS_ASSERTIONS = NO;
				ENABLE_STRICT_OBJC_MSGSEND = YES;
				ENABLE_USER_SCRIPT_SANDBOXING = YES;
				GCC_C_LANGUAGE_STANDARD = gnu17;
				GCC_NO_COMMON_BLOCKS = YES;
				GCC_WARN_64_TO_32_BIT_CONVERSION = YES;
				GCC_WARN_ABOUT_RETURN_TYPE = YES_ERROR;
				GCC_WARN_UNDECLARED_SELECTOR = YES;
				GCC_WARN_UNINITIALIZED_AUTOS = YES_AGGRESSIVE;
				GCC_WARN_UNUSED_FUNCTION = YES;
				GCC_WARN_UNUSED_VARIABLE = YES;
				IPHONEOS_DEPLOYMENT_TARGET = 18.2;
				LOCALIZATION_PREFERS_STRING_CATALOGS = YES;
				MTL_ENABLE_DEBUG_INFO = NO;
				MTL_FAST_MATH = YES;
				SDKROOT = iphoneos;
				SWIFT_COMPILATION_MODE = wholemodule;
				VALIDATE_PRODUCT = YES;
			};
			name = Release;
		};
		61496AF62D94591700C13949 /* Debug */ = {
			isa = XCBuildConfiguration;
			buildSettings = {
				ASSETCATALOG_COMPILER_APPICON_NAME = AppIcon;
				ASSETCATALOG_COMPILER_GLOBAL_ACCENT_COLOR_NAME = AccentColor;
				CODE_SIGN_STYLE = Automatic;
				CURRENT_PROJECT_VERSION = 1;
				DEVELOPMENT_ASSET_PATHS = "\"NetflixUI/Preview Content\"";
				DEVELOPMENT_TEAM = 4FXJ5W7FM5;
				ENABLE_PREVIEWS = YES;
				GENERATE_INFOPLIST_FILE = YES;
				INFOPLIST_KEY_UIApplicationSceneManifest_Generation = YES;
				INFOPLIST_KEY_UIApplicationSupportsIndirectInputEvents = YES;
				INFOPLIST_KEY_UILaunchScreen_Generation = YES;
				INFOPLIST_KEY_UISupportedInterfaceOrientations_iPad = "UIInterfaceOrientationPortrait UIInterfaceOrientationPortraitUpsideDown UIInterfaceOrientationLandscapeLeft UIInterfaceOrientationLandscapeRight";
				INFOPLIST_KEY_UISupportedInterfaceOrientations_iPhone = "UIInterfaceOrientationPortrait UIInterfaceOrientationLandscapeLeft UIInterfaceOrientationLandscapeRight";
				LD_RUNPATH_SEARCH_PATHS = (
					"$(inherited)",
					"@executable_path/Frameworks",
				);
				MARKETING_VERSION = 1.0;
				PRODUCT_BUNDLE_IDENTIFIER = com.iManzi.NetflixUI;
				PRODUCT_NAME = "$(TARGET_NAME)";
				SWIFT_EMIT_LOC_STRINGS = YES;
				SWIFT_VERSION = 5.0;
				TARGETED_DEVICE_FAMILY = "1,2";
			};
			name = Debug;
		};
		61496AF72D94591700C13949 /* Release */ = {
			isa = XCBuildConfiguration;
			buildSettings = {
				ASSETCATALOG_COMPILER_APPICON_NAME = AppIcon;
				ASSETCATALOG_COMPILER_GLOBAL_ACCENT_COLOR_NAME = AccentColor;
				CODE_SIGN_STYLE = Automatic;
				CURRENT_PROJECT_VERSION = 1;
				DEVELOPMENT_ASSET_PATHS = "\"NetflixUI/Preview Content\"";
				DEVELOPMENT_TEAM = 4FXJ5W7FM5;
				ENABLE_PREVIEWS = YES;
				GENERATE_INFOPLIST_FILE = YES;
				INFOPLIST_KEY_UIApplicationSceneManifest_Generation = YES;
				INFOPLIST_KEY_UIApplicationSupportsIndirectInputEvents = YES;
				INFOPLIST_KEY_UILaunchScreen_Generation = YES;
				INFOPLIST_KEY_UISupportedInterfaceOrientations_iPad = "UIInterfaceOrientationPortrait UIInterfaceOrientationPortraitUpsideDown UIInterfaceOrientationLandscapeLeft UIInterfaceOrientationLandscapeRight";
				INFOPLIST_KEY_UISupportedInterfaceOrientations_iPhone = "UIInterfaceOrientationPortrait UIInterfaceOrientationLandscapeLeft UIInterfaceOrientationLandscapeRight";
				LD_RUNPATH_SEARCH_PATHS = (
					"$(inherited)",
					"@executable_path/Frameworks",
				);
				MARKETING_VERSION = 1.0;
				PRODUCT_BUNDLE_IDENTIFIER = com.iManzi.NetflixUI;
				PRODUCT_NAME = "$(TARGET_NAME)";
				SWIFT_EMIT_LOC_STRINGS = YES;
				SWIFT_VERSION = 5.0;
				TARGETED_DEVICE_FAMILY = "1,2";
			};
			name = Release;
		};
/* End XCBuildConfiguration section */

/* Begin XCConfigurationList section */
		61496AE22D94591500C13949 /* Build configuration list for PBXProject "NetflixUI" */ = {
			isa = XCConfigurationList;
			buildConfigurations = (
				61496AF32D94591700C13949 /* Debug */,
				61496AF42D94591700C13949 /* Release */,
			);
			defaultConfigurationIsVisible = 0;
			defaultConfigurationName = Release;
		};
		61496AF52D94591700C13949 /* Build configuration list for PBXNativeTarget "NetflixUI" */ = {
			isa = XCConfigurationList;
			buildConfigurations = (
				61496AF62D94591700C13949 /* Debug */,
				61496AF72D94591700C13949 /* Release */,
			);
			defaultConfigurationIsVisible = 0;
			defaultConfigurationName = Release;
		};
/* End XCConfigurationList section */

/* Begin XCRemoteSwiftPackageReference section */
		6168F58D2D94A0E9006A3848 /* XCRemoteSwiftPackageReference "lottie-ios" */ = {
			isa = XCRemoteSwiftPackageReference;
			repositoryURL = "https://github.com/airbnb/lottie-ios.git";
			requirement = {
				kind = upToNextMajorVersion;
				minimumVersion = 4.5.1;
			};
		};
/* End XCRemoteSwiftPackageReference section */

/* Begin XCSwiftPackageProductDependency section */
		6168F58E2D94A0E9006A3848 /* Lottie */ = {
			isa = XCSwiftPackageProductDependency;
			package = 6168F58D2D94A0E9006A3848 /* XCRemoteSwiftPackageReference "lottie-ios" */;
			productName = Lottie;
		};
/* End XCSwiftPackageProductDependency section */
	};
	rootObject = 61496ADF2D94591500C13949 /* Project object */;
}
